
Microsoft Visual Studio Solution File, Format Version 12.00
# Visual Studio 14
VisualStudioVersion = 14.0.25123.0
MinimumVisualStudioVersion = 10.0.40219.1
Project("{FAE04EC0-301F-11D3-BF4B-00C04F79EFBC}") = "Challenge4", "..\..\..\..\Documents\Visual Studio 2015\Projects\Challenge4\Challenge4\Challenge4.csproj", "{B6A7D380-CCB9-4EB2-A0F9-33F0C871EFC9}"
EndProject
Project("{FAE04EC0-301F-11D3-BF4B-00C04F79EFBC}") = "UnitTestProject_Challenge4", "..\..\..\..\Documents\Visual Studio 2015\Projects\Challenge4\UnitTestProject_Challenge4\UnitTestProject_Challenge4.csproj", "{DDBD06F8-8A91-4AB7-B985-65E5E40F24DA}"
EndProject
Global
	GlobalSection(SolutionConfigurationPlatforms) = preSolution
		Debug|Any CPU = Debug|Any CPU
		Release|Any CPU = Release|Any CPU
	EndGlobalSection
	GlobalSection(ProjectConfigurationPlatforms) = postSolution
		{B6A7D380-CCB9-4EB2-A0F9-33F0C871EFC9}.Debug|Any CPU.ActiveCfg = Debug|Any CPU
		{B6A7D380-CCB9-4EB2-A0F9-33F0C871EFC9}.Debug|Any CPU.Build.0 = Debug|Any CPU
		{B6A7D380-CCB9-4EB2-A0F9-33F0C871EFC9}.Release|Any CPU.ActiveCfg = Release|Any CPU
		{B6A7D380-CCB9-4EB2-A0F9-33F0C871EFC9}.Release|Any CPU.Build.0 = Release|Any CPU
		{DDBD06F8-8A91-4AB7-B985-65E5E40F24DA}.Debug|Any CPU.ActiveCfg = Debug|Any CPU
		{DDBD06F8-8A91-4AB7-B985-65E5E40F24DA}.Debug|Any CPU.Build.0 = Debug|Any CPU
		{DDBD06F8-8A91-4AB7-B985-65E5E40F24DA}.Release|Any CPU.ActiveCfg = Release|Any CPU
		{DDBD06F8-8A91-4AB7-B985-65E5E40F24DA}.Release|Any CPU.Build.0 = Release|Any CPU
	EndGlobalSection
	GlobalSection(SolutionProperties) = preSolution
		HideSolutionNode = FALSE
	EndGlobalSection
EndGlobal
